
Microsoft Visual Studio Solution File, Format Version 12.00
# Visual Studio Version 16
VisualStudioVersion = 16.0.31112.23
MinimumVisualStudioVersion = 10.0.40219.1
Project("{FAE04EC0-301F-11D3-BF4B-00C04F79EFBC}") = "Rocky1", "Rocky1\Rocky1.csproj", "{DB13823A-5673-40B0-A13D-EE7686DE4D25}"
EndProject
Global
	GlobalSection(SolutionConfigurationPlatforms) = preSolution
		Debug|Any CPU = Debug|Any CPU
		Release|Any CPU = Release|Any CPU
	EndGlobalSection
	GlobalSection(ProjectConfigurationPlatforms) = postSolution
		{DB13823A-5673-40B0-A13D-EE7686DE4D25}.Debug|Any CPU.ActiveCfg = Debug|Any CPU
		{DB13823A-5673-40B0-A13D-EE7686DE4D25}.Debug|Any CPU.Build.0 = Debug|Any CPU
		{DB13823A-5673-40B0-A13D-EE7686DE4D25}.Release|Any CPU.ActiveCfg = Release|Any CPU
		{DB13823A-5673-40B0-A13D-EE7686DE4D25}.Release|Any CPU.Build.0 = Release|Any CPU
	EndGlobalSection
	GlobalSection(SolutionProperties) = preSolution
		HideSolutionNode = FALSE
	EndGlobalSection
	GlobalSection(ExtensibilityGlobals) = postSolution
		SolutionGuid = {7F8E3B72-3ACF-4CB0-BC68-FBEC1C1A6CFD}
	EndGlobalSection
EndGlobal
